
Microsoft Visual Studio Solution File, Format Version 12.00
# Visual Studio Version 16
VisualStudioVersion = 16.0.31005.135
MinimumVisualStudioVersion = 10.0.40219.1
Project("{FAE04EC0-301F-11D3-BF4B-00C04F79EFBC}") = "Appudeta", "Appudeta\Appudeta.csproj", "{298D1818-10EA-4AF8-9284-5FA0F6E2E3B5}"
EndProject
Project("{2150E333-8FDC-42A3-9474-1A3956D46DE8}") = "Solution Items", "Solution Items", "{D179A2B6-815C-4940-ABE4-5C920E6B5353}"
	ProjectSection(SolutionItems) = preProject
		README.md = README.md
	EndProjectSection
EndProject
Global
	GlobalSection(SolutionConfigurationPlatforms) = preSolution
		Debug|Any CPU = Debug|Any CPU
		Release|Any CPU = Release|Any CPU
	EndGlobalSection
	GlobalSection(ProjectConfigurationPlatforms) = postSolution
		{298D1818-10EA-4AF8-9284-5FA0F6E2E3B5}.Debug|Any CPU.ActiveCfg = Debug|Any CPU
		{298D1818-10EA-4AF8-9284-5FA0F6E2E3B5}.Debug|Any CPU.Build.0 = Debug|Any CPU
		{298D1818-10EA-4AF8-9284-5FA0F6E2E3B5}.Release|Any CPU.ActiveCfg = Release|Any CPU
		{298D1818-10EA-4AF8-9284-5FA0F6E2E3B5}.Release|Any CPU.Build.0 = Release|Any CPU
	EndGlobalSection
	GlobalSection(SolutionProperties) = preSolution
		HideSolutionNode = FALSE
	EndGlobalSection
	GlobalSection(ExtensibilityGlobals) = postSolution
		SolutionGuid = {0AA0CA69-E75C-41D7-B559-C75F073C4891}
	EndGlobalSection
EndGlobal
