
Microsoft Visual Studio Solution File, Format Version 12.00
# Visual Studio Version 17
VisualStudioVersion = 17.4.33205.214
MinimumVisualStudioVersion = 10.0.40219.1
Project("{9A19103F-16F7-4668-BE54-9A1E7A4F7556}") = "HinaLib", "HinaLib\HinaLib.csproj", "{450BC9B3-83D2-4A7E-8077-60EB142969C7}"
EndProject
Project("{9A19103F-16F7-4668-BE54-9A1E7A4F7556}") = "HinaConsole", "HinaConsole\HinaConsole.csproj", "{1E90B453-FBAC-422E-B5AE-219089EF2F3B}"
EndProject
Global
	GlobalSection(SolutionConfigurationPlatforms) = preSolution
		Debug|Any CPU = Debug|Any CPU
		Release|Any CPU = Release|Any CPU
	EndGlobalSection
	GlobalSection(ProjectConfigurationPlatforms) = postSolution
		{450BC9B3-83D2-4A7E-8077-60EB142969C7}.Debug|Any CPU.ActiveCfg = Debug|Any CPU
		{450BC9B3-83D2-4A7E-8077-60EB142969C7}.Debug|Any CPU.Build.0 = Debug|Any CPU
		{450BC9B3-83D2-4A7E-8077-60EB142969C7}.Release|Any CPU.ActiveCfg = Release|Any CPU
		{450BC9B3-83D2-4A7E-8077-60EB142969C7}.Release|Any CPU.Build.0 = Release|Any CPU
		{1E90B453-FBAC-422E-B5AE-219089EF2F3B}.Debug|Any CPU.ActiveCfg = Debug|Any CPU
		{1E90B453-FBAC-422E-B5AE-219089EF2F3B}.Debug|Any CPU.Build.0 = Debug|Any CPU
		{1E90B453-FBAC-422E-B5AE-219089EF2F3B}.Release|Any CPU.ActiveCfg = Release|Any CPU
		{1E90B453-FBAC-422E-B5AE-219089EF2F3B}.Release|Any CPU.Build.0 = Release|Any CPU
	EndGlobalSection
	GlobalSection(SolutionProperties) = preSolution
		HideSolutionNode = FALSE
	EndGlobalSection
	GlobalSection(ExtensibilityGlobals) = postSolution
		SolutionGuid = {12900B7B-294D-4BB8-943D-7D134A2A3D61}
	EndGlobalSection
EndGlobal
