
Microsoft Visual Studio Solution File, Format Version 12.00
# Visual Studio Version 17
VisualStudioVersion = 17.0.31903.59
MinimumVisualStudioVersion = 10.0.40219.1
Project("{FAE04EC0-301F-11D3-BF4B-00C04F79EFBC}") = "Hina.Core", "Hina.Core\Hina.Core.csproj", "{58F17828-29EB-4C2C-806C-F29F7EA3B6ED}"
EndProject
Project("{FAE04EC0-301F-11D3-BF4B-00C04F79EFBC}") = "Hina.CLI", "Hina.CLI\Hina.CLI.csproj", "{D2BC0895-1962-4E50-A14E-2E43688E3F82}"
EndProject
Project("{FAE04EC0-301F-11D3-BF4B-00C04F79EFBC}") = "Hina.Builder", "Hina.Builder\Hina.Builder.csproj", "{2B92B4EC-CED6-434B-92F5-AC6DCE672A7C}"
EndProject
Project("{FAE04EC0-301F-11D3-BF4B-00C04F79EFBC}") = "Hina.Host", "Hina.Host\Hina.Host.csproj", "{8EF5FD7E-AE89-4DE3-97C9-D48B2DFE9F93}"
EndProject
Project("{FAE04EC0-301F-11D3-BF4B-00C04F79EFBC}") = "Hina.Core.Tests", "Hina.Core.Tests\Hina.Core.Tests.csproj", "{E767661D-2F19-4CC3-BEA6-BE0E310CCF43}"
EndProject
Project("{FAE04EC0-301F-11D3-BF4B-00C04F79EFBC}") = "Hina.PackageManager", "Hina.PackageManager\Hina.PackageManager.csproj", "{9AF56D83-B1B4-4E88-8F4C-5A3555B9CF1D}"
EndProject
Project("{FAE04EC0-301F-11D3-BF4B-00C04F79EFBC}") = "Hina.PackageManager.Tests", "Hina.PackageManager.Tests\Hina.PackageManager.Tests.csproj", "{A33460D5-74C9-462B-B03B-DB81E455D9D7}"
EndProject
Project("{FAE04EC0-301F-11D3-BF4B-00C04F79EFBC}") = "Hina.CLI.Tests", "Hina.CLI.Tests\Hina.CLI.Tests.csproj", "{A502024E-7AAA-4928-9F36-4FF7BA6F396B}"
EndProject
Project("{FAE04EC0-301F-11D3-BF4B-00C04F79EFBC}") = "Hina.Builder.Tests", "Hina.Builder.Tests\Hina.Builder.Tests.csproj", "{CA436D7B-4F84-4E9B-B7D1-A5A0F0948FBD}"
EndProject
Global
	GlobalSection(SolutionConfigurationPlatforms) = preSolution
		Debug|Any CPU = Debug|Any CPU
		Debug|x64 = Debug|x64
		Debug|x86 = Debug|x86
		Release|Any CPU = Release|Any CPU
		Release|x64 = Release|x64
		Release|x86 = Release|x86
	EndGlobalSection
	GlobalSection(ProjectConfigurationPlatforms) = postSolution
		{58F17828-29EB-4C2C-806C-F29F7EA3B6ED}.Debug|Any CPU.ActiveCfg = Debug|Any CPU
		{58F17828-29EB-4C2C-806C-F29F7EA3B6ED}.Debug|Any CPU.Build.0 = Debug|Any CPU
		{58F17828-29EB-4C2C-806C-F29F7EA3B6ED}.Debug|x64.ActiveCfg = Debug|Any CPU
		{58F17828-29EB-4C2C-806C-F29F7EA3B6ED}.Debug|x64.Build.0 = Debug|Any CPU
		{58F17828-29EB-4C2C-806C-F29F7EA3B6ED}.Debug|x86.ActiveCfg = Debug|Any CPU
		{58F17828-29EB-4C2C-806C-F29F7EA3B6ED}.Debug|x86.Build.0 = Debug|Any CPU
		{58F17828-29EB-4C2C-806C-F29F7EA3B6ED}.Release|Any CPU.ActiveCfg = Release|Any CPU
		{58F17828-29EB-4C2C-806C-F29F7EA3B6ED}.Release|Any CPU.Build.0 = Release|Any CPU
		{58F17828-29EB-4C2C-806C-F29F7EA3B6ED}.Release|x64.ActiveCfg = Release|Any CPU
		{58F17828-29EB-4C2C-806C-F29F7EA3B6ED}.Release|x64.Build.0 = Release|Any CPU
		{58F17828-29EB-4C2C-806C-F29F7EA3B6ED}.Release|x86.ActiveCfg = Release|Any CPU
		{58F17828-29EB-4C2C-806C-F29F7EA3B6ED}.Release|x86.Build.0 = Release|Any CPU
		{D2BC0895-1962-4E50-A14E-2E43688E3F82}.Debug|Any CPU.ActiveCfg = Debug|Any CPU
		{D2BC0895-1962-4E50-A14E-2E43688E3F82}.Debug|Any CPU.Build.0 = Debug|Any CPU
		{D2BC0895-1962-4E50-A14E-2E43688E3F82}.Debug|x64.ActiveCfg = Debug|Any CPU
		{D2BC0895-1962-4E50-A14E-2E43688E3F82}.Debug|x64.Build.0 = Debug|Any CPU
		{D2BC0895-1962-4E50-A14E-2E43688E3F82}.Debug|x86.ActiveCfg = Debug|Any CPU
		{D2BC0895-1962-4E50-A14E-2E43688E3F82}.Debug|x86.Build.0 = Debug|Any CPU
		{D2BC0895-1962-4E50-A14E-2E43688E3F82}.Release|Any CPU.ActiveCfg = Release|Any CPU
		{D2BC0895-1962-4E50-A14E-2E43688E3F82}.Release|Any CPU.Build.0 = Release|Any CPU
		{D2BC0895-1962-4E50-A14E-2E43688E3F82}.Release|x64.ActiveCfg = Release|Any CPU
		{D2BC0895-1962-4E50-A14E-2E43688E3F82}.Release|x64.Build.0 = Release|Any CPU
		{D2BC0895-1962-4E50-A14E-2E43688E3F82}.Release|x86.ActiveCfg = Release|Any CPU
		{D2BC0895-1962-4E50-A14E-2E43688E3F82}.Release|x86.Build.0 = Release|Any CPU
		{2B92B4EC-CED6-434B-92F5-AC6DCE672A7C}.Debug|Any CPU.ActiveCfg = Debug|Any CPU
		{2B92B4EC-CED6-434B-92F5-AC6DCE672A7C}.Debug|Any CPU.Build.0 = Debug|Any CPU
		{2B92B4EC-CED6-434B-92F5-AC6DCE672A7C}.Debug|x64.ActiveCfg = Debug|Any CPU
		{2B92B4EC-CED6-434B-92F5-AC6DCE672A7C}.Debug|x64.Build.0 = Debug|Any CPU
		{2B92B4EC-CED6-434B-92F5-AC6DCE672A7C}.Debug|x86.ActiveCfg = Debug|Any CPU
		{2B92B4EC-CED6-434B-92F5-AC6DCE672A7C}.Debug|x86.Build.0 = Debug|Any CPU
		{2B92B4EC-CED6-434B-92F5-AC6DCE672A7C}.Release|Any CPU.ActiveCfg = Release|Any CPU
		{2B92B4EC-CED6-434B-92F5-AC6DCE672A7C}.Release|Any CPU.Build.0 = Release|Any CPU
		{2B92B4EC-CED6-434B-92F5-AC6DCE672A7C}.Release|x64.ActiveCfg = Release|Any CPU
		{2B92B4EC-CED6-434B-92F5-AC6DCE672A7C}.Release|x64.Build.0 = Release|Any CPU
		{2B92B4EC-CED6-434B-92F5-AC6DCE672A7C}.Release|x86.ActiveCfg = Release|Any CPU
		{2B92B4EC-CED6-434B-92F5-AC6DCE672A7C}.Release|x86.Build.0 = Release|Any CPU
		{8EF5FD7E-AE89-4DE3-97C9-D48B2DFE9F93}.Debug|Any CPU.ActiveCfg = Debug|Any CPU
		{8EF5FD7E-AE89-4DE3-97C9-D48B2DFE9F93}.Debug|Any CPU.Build.0 = Debug|Any CPU
		{8EF5FD7E-AE89-4DE3-97C9-D48B2DFE9F93}.Debug|x64.ActiveCfg = Debug|Any CPU
		{8EF5FD7E-AE89-4DE3-97C9-D48B2DFE9F93}.Debug|x64.Build.0 = Debug|Any CPU
		{8EF5FD7E-AE89-4DE3-97C9-D48B2DFE9F93}.Debug|x86.ActiveCfg = Debug|Any CPU
		{8EF5FD7E-AE89-4DE3-97C9-D48B2DFE9F93}.Debug|x86.Build.0 = Debug|Any CPU
		{8EF5FD7E-AE89-4DE3-97C9-D48B2DFE9F93}.Release|Any CPU.ActiveCfg = Release|Any CPU
		{8EF5FD7E-AE89-4DE3-97C9-D48B2DFE9F93}.Release|Any CPU.Build.0 = Release|Any CPU
		{8EF5FD7E-AE89-4DE3-97C9-D48B2DFE9F93}.Release|x64.ActiveCfg = Release|Any CPU
		{8EF5FD7E-AE89-4DE3-97C9-D48B2DFE9F93}.Release|x64.Build.0 = Release|Any CPU
		{8EF5FD7E-AE89-4DE3-97C9-D48B2DFE9F93}.Release|x86.ActiveCfg = Release|Any CPU
		{8EF5FD7E-AE89-4DE3-97C9-D48B2DFE9F93}.Release|x86.Build.0 = Release|Any CPU
		{E767661D-2F19-4CC3-BEA6-BE0E310CCF43}.Debug|Any CPU.ActiveCfg = Debug|Any CPU
		{E767661D-2F19-4CC3-BEA6-BE0E310CCF43}.Debug|Any CPU.Build.0 = Debug|Any CPU
		{E767661D-2F19-4CC3-BEA6-BE0E310CCF43}.Debug|x64.ActiveCfg = Debug|Any CPU
		{E767661D-2F19-4CC3-BEA6-BE0E310CCF43}.Debug|x64.Build.0 = Debug|Any CPU
		{E767661D-2F19-4CC3-BEA6-BE0E310CCF43}.Debug|x86.ActiveCfg = Debug|Any CPU
		{E767661D-2F19-4CC3-BEA6-BE0E310CCF43}.Debug|x86.Build.0 = Debug|Any CPU
		{E767661D-2F19-4CC3-BEA6-BE0E310CCF43}.Release|Any CPU.ActiveCfg = Release|Any CPU
		{E767661D-2F19-4CC3-BEA6-BE0E310CCF43}.Release|Any CPU.Build.0 = Release|Any CPU
		{E767661D-2F19-4CC3-BEA6-BE0E310CCF43}.Release|x64.ActiveCfg = Release|Any CPU
		{E767661D-2F19-4CC3-BEA6-BE0E310CCF43}.Release|x64.Build.0 = Release|Any CPU
		{E767661D-2F19-4CC3-BEA6-BE0E310CCF43}.Release|x86.ActiveCfg = Release|Any CPU
		{E767661D-2F19-4CC3-BEA6-BE0E310CCF43}.Release|x86.Build.0 = Release|Any CPU
		{9AF56D83-B1B4-4E88-8F4C-5A3555B9CF1D}.Debug|Any CPU.ActiveCfg = Debug|Any CPU
		{9AF56D83-B1B4-4E88-8F4C-5A3555B9CF1D}.Debug|Any CPU.Build.0 = Debug|Any CPU
		{9AF56D83-B1B4-4E88-8F4C-5A3555B9CF1D}.Debug|x64.ActiveCfg = Debug|Any CPU
		{9AF56D83-B1B4-4E88-8F4C-5A3555B9CF1D}.Debug|x64.Build.0 = Debug|Any CPU
		{9AF56D83-B1B4-4E88-8F4C-5A3555B9CF1D}.Debug|x86.ActiveCfg = Debug|Any CPU
		{9AF56D83-B1B4-4E88-8F4C-5A3555B9CF1D}.Debug|x86.Build.0 = Debug|Any CPU
		{9AF56D83-B1B4-4E88-8F4C-5A3555B9CF1D}.Release|Any CPU.ActiveCfg = Release|Any CPU
		{9AF56D83-B1B4-4E88-8F4C-5A3555B9CF1D}.Release|Any CPU.Build.0 = Release|Any CPU
		{9AF56D83-B1B4-4E88-8F4C-5A3555B9CF1D}.Release|x64.ActiveCfg = Release|Any CPU
		{9AF56D83-B1B4-4E88-8F4C-5A3555B9CF1D}.Release|x64.Build.0 = Release|Any CPU
		{9AF56D83-B1B4-4E88-8F4C-5A3555B9CF1D}.Release|x86.ActiveCfg = Release|Any CPU
		{9AF56D83-B1B4-4E88-8F4C-5A3555B9CF1D}.Release|x86.Build.0 = Release|Any CPU
		{A33460D5-74C9-462B-B03B-DB81E455D9D7}.Debug|Any CPU.ActiveCfg = Debug|Any CPU
		{A33460D5-74C9-462B-B03B-DB81E455D9D7}.Debug|Any CPU.Build.0 = Debug|Any CPU
		{A33460D5-74C9-462B-B03B-DB81E455D9D7}.Debug|x64.ActiveCfg = Debug|Any CPU
		{A33460D5-74C9-462B-B03B-DB81E455D9D7}.Debug|x64.Build.0 = Debug|Any CPU
		{A33460D5-74C9-462B-B03B-DB81E455D9D7}.Debug|x86.ActiveCfg = Debug|Any CPU
		{A33460D5-74C9-462B-B03B-DB81E455D9D7}.Debug|x86.Build.0 = Debug|Any CPU
		{A33460D5-74C9-462B-B03B-DB81E455D9D7}.Release|Any CPU.ActiveCfg = Release|Any CPU
		{A33460D5-74C9-462B-B03B-DB81E455D9D7}.Release|Any CPU.Build.0 = Release|Any CPU
		{A33460D5-74C9-462B-B03B-DB81E455D9D7}.Release|x64.ActiveCfg = Release|Any CPU
		{A33460D5-74C9-462B-B03B-DB81E455D9D7}.Release|x64.Build.0 = Release|Any CPU
		{A33460D5-74C9-462B-B03B-DB81E455D9D7}.Release|x86.ActiveCfg = Release|Any CPU
		{A33460D5-74C9-462B-B03B-DB81E455D9D7}.Release|x86.Build.0 = Release|Any CPU
		{A502024E-7AAA-4928-9F36-4FF7BA6F396B}.Debug|Any CPU.ActiveCfg = Debug|Any CPU
		{A502024E-7AAA-4928-9F36-4FF7BA6F396B}.Debug|Any CPU.Build.0 = Debug|Any CPU
		{A502024E-7AAA-4928-9F36-4FF7BA6F396B}.Debug|x64.ActiveCfg = Debug|Any CPU
		{A502024E-7AAA-4928-9F36-4FF7BA6F396B}.Debug|x64.Build.0 = Debug|Any CPU
		{A502024E-7AAA-4928-9F36-4FF7BA6F396B}.Debug|x86.ActiveCfg = Debug|Any CPU
		{A502024E-7AAA-4928-9F36-4FF7BA6F396B}.Debug|x86.Build.0 = Debug|Any CPU
		{A502024E-7AAA-4928-9F36-4FF7BA6F396B}.Release|Any CPU.ActiveCfg = Release|Any CPU
		{A502024E-7AAA-4928-9F36-4FF7BA6F396B}.Release|Any CPU.Build.0 = Release|Any CPU
		{A502024E-7AAA-4928-9F36-4FF7BA6F396B}.Release|x64.ActiveCfg = Release|Any CPU
		{A502024E-7AAA-4928-9F36-4FF7BA6F396B}.Release|x64.Build.0 = Release|Any CPU
		{A502024E-7AAA-4928-9F36-4FF7BA6F396B}.Release|x86.ActiveCfg = Release|Any CPU
		{A502024E-7AAA-4928-9F36-4FF7BA6F396B}.Release|x86.Build.0 = Release|Any CPU
		{CA436D7B-4F84-4E9B-B7D1-A5A0F0948FBD}.Debug|Any CPU.ActiveCfg = Debug|Any CPU
		{CA436D7B-4F84-4E9B-B7D1-A5A0F0948FBD}.Debug|Any CPU.Build.0 = Debug|Any CPU
		{CA436D7B-4F84-4E9B-B7D1-A5A0F0948FBD}.Debug|x64.ActiveCfg = Debug|Any CPU
		{CA436D7B-4F84-4E9B-B7D1-A5A0F0948FBD}.Debug|x64.Build.0 = Debug|Any CPU
		{CA436D7B-4F84-4E9B-B7D1-A5A0F0948FBD}.Debug|x86.ActiveCfg = Debug|Any CPU
		{CA436D7B-4F84-4E9B-B7D1-A5A0F0948FBD}.Debug|x86.Build.0 = Debug|Any CPU
		{CA436D7B-4F84-4E9B-B7D1-A5A0F0948FBD}.Release|Any CPU.ActiveCfg = Release|Any CPU
		{CA436D7B-4F84-4E9B-B7D1-A5A0F0948FBD}.Release|Any CPU.Build.0 = Release|Any CPU
		{CA436D7B-4F84-4E9B-B7D1-A5A0F0948FBD}.Release|x64.ActiveCfg = Release|Any CPU
		{CA436D7B-4F84-4E9B-B7D1-A5A0F0948FBD}.Release|x64.Build.0 = Release|Any CPU
		{CA436D7B-4F84-4E9B-B7D1-A5A0F0948FBD}.Release|x86.ActiveCfg = Release|Any CPU
		{CA436D7B-4F84-4E9B-B7D1-A5A0F0948FBD}.Release|x86.Build.0 = Release|Any CPU
	EndGlobalSection
	GlobalSection(SolutionProperties) = preSolution
		HideSolutionNode = FALSE
	EndGlobalSection
EndGlobal
